
Microsoft Visual Studio Solution File, Format Version 12.00
# Visual Studio Version 17
VisualStudioVersion = 17.14.36401.2 d17.14
MinimumVisualStudioVersion = 10.0.40219.1
Project("{FAE04EC0-301F-11D3-BF4B-00C04F79EFBC}") = "CustomApp", "CustomApp\CustomApp.csproj", "{15E12B9B-02CE-4333-93C2-EE33693D6810}"
EndProject
Project("{B7DD6F7E-DEF8-4E67-B5B7-07EF123DB6F0}") = "CustomAppSetup", "CustomAppSetup\CustomAppSetup.wixproj", "{A96592E3-E5D2-4438-9F2D-9219C52E25D9}"
EndProject
Project("{C7167F0D-BC9F-4E6E-AFE1-012C56B48DB5}") = "WapProjTempC", "WapProjTempC\WapProjTempC.wapproj", "{58534C9D-9FD5-4EA9-8A11-086ADD3075D8}"
EndProject
Global
	GlobalSection(SolutionConfigurationPlatforms) = preSolution
		Debug|Any CPU = Debug|Any CPU
		Debug|ARM = Debug|ARM
		Debug|ARM64 = Debug|ARM64
		Debug|x64 = Debug|x64
		Debug|x86 = Debug|x86
		Release|Any CPU = Release|Any CPU
		Release|ARM = Release|ARM
		Release|ARM64 = Release|ARM64
		Release|x64 = Release|x64
		Release|x86 = Release|x86
	EndGlobalSection
	GlobalSection(ProjectConfigurationPlatforms) = postSolution
		{15E12B9B-02CE-4333-93C2-EE33693D6810}.Debug|Any CPU.ActiveCfg = Debug|Any CPU
		{15E12B9B-02CE-4333-93C2-EE33693D6810}.Debug|Any CPU.Build.0 = Debug|Any CPU
		{15E12B9B-02CE-4333-93C2-EE33693D6810}.Debug|ARM.ActiveCfg = Debug|Any CPU
		{15E12B9B-02CE-4333-93C2-EE33693D6810}.Debug|ARM.Build.0 = Debug|Any CPU
		{15E12B9B-02CE-4333-93C2-EE33693D6810}.Debug|ARM64.ActiveCfg = Debug|Any CPU
		{15E12B9B-02CE-4333-93C2-EE33693D6810}.Debug|ARM64.Build.0 = Debug|Any CPU
		{15E12B9B-02CE-4333-93C2-EE33693D6810}.Debug|x64.ActiveCfg = Debug|Any CPU
		{15E12B9B-02CE-4333-93C2-EE33693D6810}.Debug|x64.Build.0 = Debug|Any CPU
		{15E12B9B-02CE-4333-93C2-EE33693D6810}.Debug|x86.ActiveCfg = Debug|Any CPU
		{15E12B9B-02CE-4333-93C2-EE33693D6810}.Debug|x86.Build.0 = Debug|Any CPU
		{15E12B9B-02CE-4333-93C2-EE33693D6810}.Release|Any CPU.ActiveCfg = Release|Any CPU
		{15E12B9B-02CE-4333-93C2-EE33693D6810}.Release|Any CPU.Build.0 = Release|Any CPU
		{15E12B9B-02CE-4333-93C2-EE33693D6810}.Release|ARM.ActiveCfg = Release|Any CPU
		{15E12B9B-02CE-4333-93C2-EE33693D6810}.Release|ARM.Build.0 = Release|Any CPU
		{15E12B9B-02CE-4333-93C2-EE33693D6810}.Release|ARM64.ActiveCfg = Release|Any CPU
		{15E12B9B-02CE-4333-93C2-EE33693D6810}.Release|ARM64.Build.0 = Release|Any CPU
		{15E12B9B-02CE-4333-93C2-EE33693D6810}.Release|x64.ActiveCfg = Release|Any CPU
		{15E12B9B-02CE-4333-93C2-EE33693D6810}.Release|x64.Build.0 = Release|Any CPU
		{15E12B9B-02CE-4333-93C2-EE33693D6810}.Release|x86.ActiveCfg = Release|Any CPU
		{15E12B9B-02CE-4333-93C2-EE33693D6810}.Release|x86.Build.0 = Release|Any CPU
		{A96592E3-E5D2-4438-9F2D-9219C52E25D9}.Debug|Any CPU.ActiveCfg = Debug|x86
		{A96592E3-E5D2-4438-9F2D-9219C52E25D9}.Debug|Any CPU.Build.0 = Debug|x86
		{A96592E3-E5D2-4438-9F2D-9219C52E25D9}.Debug|ARM.ActiveCfg = Debug|x86
		{A96592E3-E5D2-4438-9F2D-9219C52E25D9}.Debug|ARM.Build.0 = Debug|x86
		{A96592E3-E5D2-4438-9F2D-9219C52E25D9}.Debug|ARM64.ActiveCfg = Debug|x86
		{A96592E3-E5D2-4438-9F2D-9219C52E25D9}.Debug|ARM64.Build.0 = Debug|x86
		{A96592E3-E5D2-4438-9F2D-9219C52E25D9}.Debug|x64.ActiveCfg = Debug|x86
		{A96592E3-E5D2-4438-9F2D-9219C52E25D9}.Debug|x64.Build.0 = Debug|x86
		{A96592E3-E5D2-4438-9F2D-9219C52E25D9}.Debug|x86.ActiveCfg = Debug|x86
		{A96592E3-E5D2-4438-9F2D-9219C52E25D9}.Debug|x86.Build.0 = Debug|x86
		{A96592E3-E5D2-4438-9F2D-9219C52E25D9}.Release|Any CPU.ActiveCfg = Release|x86
		{A96592E3-E5D2-4438-9F2D-9219C52E25D9}.Release|Any CPU.Build.0 = Release|x86
		{A96592E3-E5D2-4438-9F2D-9219C52E25D9}.Release|ARM.ActiveCfg = Release|x86
		{A96592E3-E5D2-4438-9F2D-9219C52E25D9}.Release|ARM.Build.0 = Release|x86
		{A96592E3-E5D2-4438-9F2D-9219C52E25D9}.Release|ARM64.ActiveCfg = Release|x86
		{A96592E3-E5D2-4438-9F2D-9219C52E25D9}.Release|ARM64.Build.0 = Release|x86
		{A96592E3-E5D2-4438-9F2D-9219C52E25D9}.Release|x64.ActiveCfg = Release|x86
		{A96592E3-E5D2-4438-9F2D-9219C52E25D9}.Release|x64.Build.0 = Release|x86
		{A96592E3-E5D2-4438-9F2D-9219C52E25D9}.Release|x86.ActiveCfg = Release|x86
		{A96592E3-E5D2-4438-9F2D-9219C52E25D9}.Release|x86.Build.0 = Release|x86
		{58534C9D-9FD5-4EA9-8A11-086ADD3075D8}.Debug|Any CPU.ActiveCfg = Debug|Any CPU
		{58534C9D-9FD5-4EA9-8A11-086ADD3075D8}.Debug|Any CPU.Build.0 = Debug|Any CPU
		{58534C9D-9FD5-4EA9-8A11-086ADD3075D8}.Debug|Any CPU.Deploy.0 = Debug|Any CPU
		{58534C9D-9FD5-4EA9-8A11-086ADD3075D8}.Debug|ARM.ActiveCfg = Debug|ARM
		{58534C9D-9FD5-4EA9-8A11-086ADD3075D8}.Debug|ARM.Build.0 = Debug|ARM
		{58534C9D-9FD5-4EA9-8A11-086ADD3075D8}.Debug|ARM.Deploy.0 = Debug|ARM
		{58534C9D-9FD5-4EA9-8A11-086ADD3075D8}.Debug|ARM64.ActiveCfg = Debug|ARM64
		{58534C9D-9FD5-4EA9-8A11-086ADD3075D8}.Debug|ARM64.Build.0 = Debug|ARM64
		{58534C9D-9FD5-4EA9-8A11-086ADD3075D8}.Debug|ARM64.Deploy.0 = Debug|ARM64
		{58534C9D-9FD5-4EA9-8A11-086ADD3075D8}.Debug|x64.ActiveCfg = Debug|x64
		{58534C9D-9FD5-4EA9-8A11-086ADD3075D8}.Debug|x64.Build.0 = Debug|x64
		{58534C9D-9FD5-4EA9-8A11-086ADD3075D8}.Debug|x64.Deploy.0 = Debug|x64
		{58534C9D-9FD5-4EA9-8A11-086ADD3075D8}.Debug|x86.ActiveCfg = Debug|x86
		{58534C9D-9FD5-4EA9-8A11-086ADD3075D8}.Debug|x86.Build.0 = Debug|x86
		{58534C9D-9FD5-4EA9-8A11-086ADD3075D8}.Debug|x86.Deploy.0 = Debug|x86
		{58534C9D-9FD5-4EA9-8A11-086ADD3075D8}.Release|Any CPU.ActiveCfg = Release|Any CPU
		{58534C9D-9FD5-4EA9-8A11-086ADD3075D8}.Release|Any CPU.Build.0 = Release|Any CPU
		{58534C9D-9FD5-4EA9-8A11-086ADD3075D8}.Release|Any CPU.Deploy.0 = Release|Any CPU
		{58534C9D-9FD5-4EA9-8A11-086ADD3075D8}.Release|ARM.ActiveCfg = Release|ARM
		{58534C9D-9FD5-4EA9-8A11-086ADD3075D8}.Release|ARM.Build.0 = Release|ARM
		{58534C9D-9FD5-4EA9-8A11-086ADD3075D8}.Release|ARM.Deploy.0 = Release|ARM
		{58534C9D-9FD5-4EA9-8A11-086ADD3075D8}.Release|ARM64.ActiveCfg = Release|ARM64
		{58534C9D-9FD5-4EA9-8A11-086ADD3075D8}.Release|ARM64.Build.0 = Release|ARM64
		{58534C9D-9FD5-4EA9-8A11-086ADD3075D8}.Release|ARM64.Deploy.0 = Release|ARM64
		{58534C9D-9FD5-4EA9-8A11-086ADD3075D8}.Release|x64.ActiveCfg = Release|x64
		{58534C9D-9FD5-4EA9-8A11-086ADD3075D8}.Release|x64.Build.0 = Release|x64
		{58534C9D-9FD5-4EA9-8A11-086ADD3075D8}.Release|x64.Deploy.0 = Release|x64
		{58534C9D-9FD5-4EA9-8A11-086ADD3075D8}.Release|x86.ActiveCfg = Release|x86
		{58534C9D-9FD5-4EA9-8A11-086ADD3075D8}.Release|x86.Build.0 = Release|x86
		{58534C9D-9FD5-4EA9-8A11-086ADD3075D8}.Release|x86.Deploy.0 = Release|x86
	EndGlobalSection
	GlobalSection(SolutionProperties) = preSolution
		HideSolutionNode = FALSE
	EndGlobalSection
	GlobalSection(ExtensibilityGlobals) = postSolution
		SolutionGuid = {79FCFC15-2490-4C83-B491-8BAE339A6BCE}
	EndGlobalSection
EndGlobal
